
Microsoft Visual Studio Solution File, Format Version 12.00
# Visual Studio Version 16
VisualStudioVersion = 16.0.31624.102
MinimumVisualStudioVersion = 10.0.40219.1
Project("{9A19103F-16F7-4668-BE54-9A1E7A4F7556}") = "opg-1-csharp-and-unit-test", "opg-1-csharp-and-unit-test.csproj", "{9CE5FBDB-A3D1-4D52-8F5D-C3010DE1E62E}"
EndProject
Project("{FAE04EC0-301F-11D3-BF4B-00C04F79EFBC}") = "opg-1-csharp-and-unit-testTests", "..\opg-1-csharp-and-unit-testTests\opg-1-csharp-and-unit-testTests.csproj", "{6D98E433-2018-4B5E-AFE8-D667A3B44C97}"
EndProject
Global
	GlobalSection(SolutionConfigurationPlatforms) = preSolution
		Debug|Any CPU = Debug|Any CPU
		Release|Any CPU = Release|Any CPU
	EndGlobalSection
	GlobalSection(ProjectConfigurationPlatforms) = postSolution
		{9CE5FBDB-A3D1-4D52-8F5D-C3010DE1E62E}.Debug|Any CPU.ActiveCfg = Debug|Any CPU
		{9CE5FBDB-A3D1-4D52-8F5D-C3010DE1E62E}.Debug|Any CPU.Build.0 = Debug|Any CPU
		{9CE5FBDB-A3D1-4D52-8F5D-C3010DE1E62E}.Release|Any CPU.ActiveCfg = Release|Any CPU
		{9CE5FBDB-A3D1-4D52-8F5D-C3010DE1E62E}.Release|Any CPU.Build.0 = Release|Any CPU
		{6D98E433-2018-4B5E-AFE8-D667A3B44C97}.Debug|Any CPU.ActiveCfg = Debug|Any CPU
		{6D98E433-2018-4B5E-AFE8-D667A3B44C97}.Debug|Any CPU.Build.0 = Debug|Any CPU
		{6D98E433-2018-4B5E-AFE8-D667A3B44C97}.Release|Any CPU.ActiveCfg = Release|Any CPU
		{6D98E433-2018-4B5E-AFE8-D667A3B44C97}.Release|Any CPU.Build.0 = Release|Any CPU
	EndGlobalSection
	GlobalSection(SolutionProperties) = preSolution
		HideSolutionNode = FALSE
	EndGlobalSection
	GlobalSection(ExtensibilityGlobals) = postSolution
		SolutionGuid = {D871F40E-27F0-43F7-9ABF-FFEF11488D9F}
	EndGlobalSection
EndGlobal
